{"format_version":"1.2","terraform_version":"1.10.3","planned_values":{"root_module":{"child_modules":[{"resources":[{"address":"module.my_ec2.aws_instance.this","mode":"managed","type":"aws_instance","name":"this","provider_name":"registry.terraform.io/hashicorp/aws","schema_version":1,"values":{"ami":"ami-00a929b66ed6e0de6","associate_public_ip_address":false,"credit_specification":[],"get_password_data":false,"hibernation":null,"instance_type":"t2.micro","launch_template":[],"metadata_options":[{"http_endpoint":"enabled","http_protocol_ipv6":"disabled","http_put_response_hop_limit":1,"http_tokens":"required"}],"root_block_device":[{"delete_on_termination":true,"encrypted":true,"tags":null,"volume_size":8,"volume_type":"gp3"}],"source_dest_check":true,"subnet_id":"subnet-05e4f5eda1078b883","tags":{"Name":"my-test-instance"},"tags_all":{"Name":"my-test-instance"},"timeouts":null,"user_data_replace_on_change":false,"volume_tags":null,"vpc_security_group_ids":["sg-03dd98bb34269f518"]},"sensitive_values":{"capacity_reservation_specification":[],"cpu_options":[],"credit_specification":[],"ebs_block_device":[],"enclave_options":[],"ephemeral_block_device":[],"instance_market_options":[],"ipv6_addresses":[],"launch_template":[],"maintenance_options":[],"metadata_options":[{}],"network_interface":[],"private_dns_name_options":[],"root_block_device":[{"tags_all":{}}],"secondary_private_ips":[],"security_groups":[],"tags":{},"tags_all":{},"vpc_security_group_ids":[false]}}],"address":"module.my_ec2"}]}},"resource_changes":[{"address":"module.my_ec2.aws_instance.this","module_address":"module.my_ec2","mode":"managed","type":"aws_instance","name":"this","provider_name":"registry.terraform.io/hashicorp/aws","change":{"actions":["create"],"before":null,"after":{"ami":"ami-00a929b66ed6e0de6","associate_public_ip_address":false,"credit_specification":[],"get_password_data":false,"hibernation":null,"instance_type":"t2.micro","launch_template":[],"metadata_options":[{"http_endpoint":"enabled","http_protocol_ipv6":"disabled","http_put_response_hop_limit":1,"http_tokens":"required"}],"root_block_device":[{"delete_on_termination":true,"encrypted":true,"tags":null,"volume_size":8,"volume_type":"gp3"}],"source_dest_check":true,"subnet_id":"subnet-05e4f5eda1078b883","tags":{"Name":"my-test-instance"},"tags_all":{"Name":"my-test-instance"},"timeouts":null,"user_data_replace_on_change":false,"volume_tags":null,"vpc_security_group_ids":["sg-03dd98bb34269f518"]},"after_unknown":{"arn":true,"availability_zone":true,"capacity_reservation_specification":true,"cpu_core_count":true,"cpu_options":true,"cpu_threads_per_core":true,"credit_specification":[],"disable_api_stop":true,"disable_api_termination":true,"ebs_block_device":true,"ebs_optimized":true,"enable_primary_ipv6":true,"enclave_options":true,"ephemeral_block_device":true,"host_id":true,"host_resource_group_arn":true,"iam_instance_profile":true,"id":true,"instance_initiated_shutdown_behavior":true,"instance_lifecycle":true,"instance_market_options":true,"instance_state":true,"ipv6_address_count":true,"ipv6_addresses":true,"key_name":true,"launch_template":[],"maintenance_options":true,"metadata_options":[{"instance_metadata_tags":true}],"monitoring":true,"network_interface":true,"outpost_arn":true,"password_data":true,"placement_group":true,"placement_partition_number":true,"primary_network_interface_id":true,"private_dns":true,"private_dns_name_options":true,"private_ip":true,"public_dns":true,"public_ip":true,"root_block_device":[{"device_name":true,"iops":true,"kms_key_id":true,"tags_all":true,"throughput":true,"volume_id":true}],"secondary_private_ips":true,"security_groups":true,"spot_instance_request_id":true,"tags":{},"tags_all":{},"tenancy":true,"user_data":true,"user_data_base64":true,"vpc_security_group_ids":[false]},"before_sensitive":false,"after_sensitive":{"capacity_reservation_specification":[],"cpu_options":[],"credit_specification":[],"ebs_block_device":[],"enclave_options":[],"ephemeral_block_device":[],"instance_market_options":[],"ipv6_addresses":[],"launch_template":[],"maintenance_options":[],"metadata_options":[{}],"network_interface":[],"private_dns_name_options":[],"root_block_device":[{"tags_all":{}}],"secondary_private_ips":[],"security_groups":[],"tags":{},"tags_all":{},"vpc_security_group_ids":[false]}}}],"configuration":{"provider_config":{"module.my_ec2:aws":{"name":"aws","full_name":"registry.terraform.io/hashicorp/aws","module_address":"module.my_ec2","expressions":{"region":{"references":["var.region"]}}}},"root_module":{"module_calls":{"my_ec2":{"source":"./ec2-module","expressions":{"ami_id":{"constant_value":"ami-00a929b66ed6e0de6"},"instance_name":{"constant_value":"my-test-instance"},"instance_type":{"constant_value":"t2.micro"},"region":{"constant_value":"us-east-1"},"security_group_ids":{"constant_value":["sg-03dd98bb34269f518"]},"subnet_id":{"constant_value":"subnet-05e4f5eda1078b883"}},"module":{"outputs":{"instance_id":{"expression":{"references":["aws_instance.this.id","aws_instance.this"]},"description":"ID of the created EC2 instance"},"instance_private_ip":{"expression":{"references":["aws_instance.this.private_ip","aws_instance.this"]},"description":"Private IP of the instance"},"instance_public_ip":{"expression":{"references":["aws_instance.this.public_ip","aws_instance.this"]},"description":"Public IP of the instance (if assigned)"}},"resources":[{"address":"aws_instance.this","mode":"managed","type":"aws_instance","name":"this","provider_config_key":"module.my_ec2:aws","expressions":{"ami":{"references":["var.ami_id"]},"associate_public_ip_address":{"references":["var.associate_public_ip"]},"instance_type":{"references":["var.instance_type"]},"metadata_options":[{"http_endpoint":{"constant_value":"enabled"},"http_put_response_hop_limit":{"constant_value":1},"http_tokens":{"constant_value":"required"}}],"root_block_device":[{"encrypted":{"constant_value":true},"volume_size":{"references":["var.volume_size"]},"volume_type":{"references":["var.volume_type"]}}],"subnet_id":{"references":["var.subnet_id"]},"tags":{"references":["var.instance_name","var.additional_tags"]},"vpc_security_group_ids":{"references":["var.security_group_ids"]}},"schema_version":1}],"variables":{"additional_tags":{"default":{},"description":"Additional tags for the instance"},"ami_id":{"description":"AMI ID for the EC2 instance"},"associate_public_ip":{"default":false,"description":"Whether to associate a public IP"},"instance_name":{"default":"my-ec2-instance","description":"Name tag for the instance"},"instance_type":{"default":"t2.micro","description":"EC2 instance type"},"region":{"description":"AWS region to deploy the instance"},"security_group_ids":{"description":"List of security group IDs"},"subnet_id":{"description":"Subnet ID where instance will be deployed"},"volume_size":{"default":8,"description":"Size of the root volume in GB"},"volume_type":{"default":"gp3","description":"Type of the root volume"}}}}}}},"relevant_attributes":[{"resource":"module.my_ec2.aws_instance.this","attribute":["public_ip"]},{"resource":"module.my_ec2.aws_instance.this","attribute":["private_ip"]},{"resource":"module.my_ec2.aws_instance.this","attribute":["id"]}],"checks":[{"address":{"kind":"var","module":"module.my_ec2","name":"ami_id","to_display":"module.my_ec2.var.ami_id"},"status":"pass","instances":[{"address":{"module":"module.my_ec2","to_display":"module.my_ec2.var.ami_id"},"status":"pass"}]},{"address":{"kind":"var","module":"module.my_ec2","name":"instance_type","to_display":"module.my_ec2.var.instance_type"},"status":"pass","instances":[{"address":{"module":"module.my_ec2","to_display":"module.my_ec2.var.instance_type"},"status":"pass"}]},{"address":{"kind":"var","module":"module.my_ec2","name":"region","to_display":"module.my_ec2.var.region"},"status":"pass","instances":[{"address":{"module":"module.my_ec2","to_display":"module.my_ec2.var.region"},"status":"pass"}]},{"address":{"kind":"var","module":"module.my_ec2","name":"security_group_ids","to_display":"module.my_ec2.var.security_group_ids"},"status":"pass","instances":[{"address":{"module":"module.my_ec2","to_display":"module.my_ec2.var.security_group_ids"},"status":"pass"}]},{"address":{"kind":"var","module":"module.my_ec2","name":"subnet_id","to_display":"module.my_ec2.var.subnet_id"},"status":"pass","instances":[{"address":{"module":"module.my_ec2","to_display":"module.my_ec2.var.subnet_id"},"status":"pass"}]}],"timestamp":"2025-04-03T05:24:45Z","applyable":true,"complete":true,"errored":false}
