{
  "version": 4,
  "terraform_version": "1.11.4",
  "serial": 376,
  "lineage": "1f19f121-1d84-58c0-7f32-fb515fb227ba",
  "outputs": {},
  "resources": [
    {
      "mode": "managed",
      "type": "google_secret_manager_secret_iam_member",
      "name": "function_secret_accessor",
      "provider": "provider[\"registry.terraform.io/hashicorp/google\"]",
      "instances": [
        {
          "schema_version": 0,
          "attributes": {
            "condition": [],
            "etag": "BwYyfjMC7T4=",
            "id": "projects/gd-gcp-gridu-devops-t1-t2/secrets/my-secret/roles/secretmanager.secretAccessor/serviceAccount:function-sa@gd-gcp-gridu-devops-t1-t2.iam.gserviceaccount.com",
            "member": "serviceAccount:function-sa@gd-gcp-gridu-devops-t1-t2.iam.gserviceaccount.com",
            "project": "gd-gcp-gridu-devops-t1-t2",
            "role": "roles/secretmanager.secretAccessor",
            "secret_id": "projects/gd-gcp-gridu-devops-t1-t2/secrets/my-secret"
          },
          "sensitive_attributes": [],
          "private": "bnVsbA==",
          "dependencies": [
            "google_service_account.function_sa",
            "module.secrets.google_secret_manager_secret.secret"
          ]
        }
      ]
    },
    {
      "mode": "managed",
      "type": "google_service_account",
      "name": "function_sa",
      "provider": "provider[\"registry.terraform.io/hashicorp/google\"]",
      "instances": [
        {
          "schema_version": 0,
          "attributes": {
            "account_id": "function-sa",
            "create_ignore_already_exists": null,
            "description": "",
            "disabled": false,
            "display_name": "Cloud Function Service Account",
            "email": "function-sa@gd-gcp-gridu-devops-t1-t2.iam.gserviceaccount.com",
            "id": "projects/gd-gcp-gridu-devops-t1-t2/serviceAccounts/function-sa@gd-gcp-gridu-devops-t1-t2.iam.gserviceaccount.com",
            "member": "serviceAccount:function-sa@gd-gcp-gridu-devops-t1-t2.iam.gserviceaccount.com",
            "name": "projects/gd-gcp-gridu-devops-t1-t2/serviceAccounts/function-sa@gd-gcp-gridu-devops-t1-t2.iam.gserviceaccount.com",
            "project": "gd-gcp-gridu-devops-t1-t2",
            "timeouts": null,
            "unique_id": "107202846468882376872"
          },
          "sensitive_attributes": [],
          "private": "eyJlMmJmYjczMC1lY2FhLTExZTYtOGY4OC0zNDM2M2JjN2M0YzAiOnsiY3JlYXRlIjozMDAwMDAwMDAwMDB9fQ=="
        }
      ]
    },
    {
      "mode": "managed",
      "type": "google_storage_bucket_iam_member",
      "name": "function_storage_viewer",
      "provider": "provider[\"registry.terraform.io/hashicorp/google\"]",
      "instances": [
        {
          "schema_version": 0,
          "attributes": {
            "bucket": "b/gd-gcp-gridu-devops-t1-t2-data-bucket",
            "condition": [],
            "etag": "CAI=",
            "id": "b/gd-gcp-gridu-devops-t1-t2-data-bucket/roles/storage.objectViewer/serviceAccount:function-sa@gd-gcp-gridu-devops-t1-t2.iam.gserviceaccount.com",
            "member": "serviceAccount:function-sa@gd-gcp-gridu-devops-t1-t2.iam.gserviceaccount.com",
            "role": "roles/storage.objectViewer"
          },
          "sensitive_attributes": [],
          "private": "bnVsbA==",
          "dependencies": [
            "google_service_account.function_sa",
            "module.storage.google_storage_bucket.bucket"
          ]
        }
      ]
    },
    {
      "module": "module.function",
      "mode": "data",
      "type": "archive_file",
      "name": "function_code",
      "provider": "provider[\"registry.terraform.io/hashicorp/archive\"]",
      "instances": [
        {
          "schema_version": 0,
          "attributes": {
            "exclude_symlink_directories": null,
            "excludes": null,
            "id": "df36c30ca44ea5d3cd0f86bba6b858c28775b516",
            "output_base64sha256": "2XaDd2HYtzaTdb8VFx8kL9CRg9xrEjkth7cgbgf7sfw=",
            "output_base64sha512": "vFcHAt7+dpbMUuZHe+HnVZmRolPTTPeKPtFR560IsPE6F1wbhRsom1n8eZRCvg0Exa3DNe0rRcGS4AVUYq4rEQ==",
            "output_file_mode": null,
            "output_md5": "d6b83df9661f45c4860cb6a109795980",
            "output_path": "modules/function/function.zip",
            "output_sha": "df36c30ca44ea5d3cd0f86bba6b858c28775b516",
            "output_sha256": "d976837761d8b7369375bf15171f242fd09183dc6b12392d87b7206e07fbb1fc",
            "output_sha512": "bc570702defe7696cc52e6477be1e7559991a253d34cf78a3ed151e7ad08b0f13a175c1b851b289b59fc799442be0d04c5adc335ed2b45c192e0055462ae2b11",
            "output_size": 741,
            "source": [],
            "source_content": null,
            "source_content_filename": null,
            "source_dir": "modules/function/../../function_code",
            "source_file": null,
            "type": "zip"
          },
          "sensitive_attributes": []
        }
      ]
    },
    {
      "module": "module.function",
      "mode": "managed",
      "type": "google_cloudfunctions_function",
      "name": "function",
      "provider": "provider[\"registry.terraform.io/hashicorp/google\"]",
      "instances": [
        {
          "schema_version": 0,
          "attributes": {
            "available_memory_mb": 256,
            "build_environment_variables": null,
            "build_service_account": "projects/gd-gcp-gridu-devops-t1-t2/serviceAccounts/192055814422-compute@developer.gserviceaccount.com",
            "build_worker_pool": "",
            "description": "",
            "docker_registry": "ARTIFACT_REGISTRY",
            "docker_repository": "",
            "effective_labels": {
              "goog-terraform-provisioned": "true"
            },
            "entry_point": "hello_http",
            "environment_variables": {
              "BUCKET_NAME": "gd-gcp-gridu-devops-t1-t2-data-bucket",
              "GOOGLE_CLOUD_PROJECT": "gd-gcp-gridu-devops-t1-t2",
              "SECRET_ID": "my-secret"
            },
            "event_trigger": [],
            "https_trigger_security_level": "SECURE_OPTIONAL",
            "https_trigger_url": "https://us-central1-gd-gcp-gridu-devops-t1-t2.cloudfunctions.net/my-function",
            "id": "projects/gd-gcp-gridu-devops-t1-t2/locations/us-central1/functions/my-function",
            "ingress_settings": "ALLOW_INTERNAL_AND_GCLB",
            "kms_key_name": "",
            "labels": {},
            "max_instances": 0,
            "min_instances": 0,
            "name": "my-function",
            "project": "gd-gcp-gridu-devops-t1-t2",
            "region": "us-central1",
            "runtime": "python39",
            "secret_environment_variables": [],
            "secret_volumes": [],
            "service_account_email": "function-sa@gd-gcp-gridu-devops-t1-t2.iam.gserviceaccount.com",
            "source_archive_bucket": "gd-gcp-gridu-devops-t1-t2-function-source",
            "source_archive_object": "function-d6b83df9661f45c4860cb6a109795980.zip",
            "source_repository": [],
            "status": "ACTIVE",
            "terraform_labels": {
              "goog-terraform-provisioned": "true"
            },
            "timeout": 60,
            "timeouts": null,
            "trigger_http": true,
            "version_id": "1",
            "vpc_connector": "projects/gd-gcp-gridu-devops-t1-t2/locations/us-central1/connectors/vpc-connector",
            "vpc_connector_egress_settings": "ALL_TRAFFIC"
          },
          "sensitive_attributes": [],
          "private": "eyJlMmJmYjczMC1lY2FhLTExZTYtOGY4OC0zNDM2M2JjN2M0YzAiOnsiY3JlYXRlIjoxMjAwMDAwMDAwMDAwLCJkZWxldGUiOjEyMDAwMDAwMDAwMDAsInJlYWQiOjEyMDAwMDAwMDAwMDAsInVwZGF0ZSI6MTIwMDAwMDAwMDAwMH19",
          "dependencies": [
            "google_service_account.function_sa",
            "module.function.data.archive_file.function_code",
            "module.function.google_storage_bucket.source_bucket",
            "module.function.google_storage_bucket_object.source_zip",
            "module.networking.google_compute_network.vpc",
            "module.networking.google_vpc_access_connector.connector",
            "module.secrets.google_secret_manager_secret.secret",
            "module.storage.google_storage_bucket.bucket"
          ]
        }
      ]
    },
    {
      "module": "module.function",
      "mode": "managed",
      "type": "google_cloudfunctions_function_iam_member",
      "name": "invoker",
      "provider": "provider[\"registry.terraform.io/hashicorp/google\"]",
      "instances": [
        {
          "schema_version": 0,
          "attributes": {
            "cloud_function": "projects/gd-gcp-gridu-devops-t1-t2/locations/us-central1/functions/my-function",
            "condition": [],
            "etag": "BwYyfl3hfAE=",
            "id": "projects/gd-gcp-gridu-devops-t1-t2/locations/us-central1/functions/my-function/roles/cloudfunctions.invoker/allUsers",
            "member": "allUsers",
            "project": "gd-gcp-gridu-devops-t1-t2",
            "region": "us-central1",
            "role": "roles/cloudfunctions.invoker"
          },
          "sensitive_attributes": [],
          "private": "bnVsbA==",
          "dependencies": [
            "google_service_account.function_sa",
            "module.function.data.archive_file.function_code",
            "module.function.google_cloudfunctions_function.function",
            "module.function.google_storage_bucket.source_bucket",
            "module.function.google_storage_bucket_object.source_zip",
            "module.networking.google_compute_network.vpc",
            "module.networking.google_vpc_access_connector.connector",
            "module.secrets.google_secret_manager_secret.secret",
            "module.storage.google_storage_bucket.bucket"
          ]
        }
      ]
    },
    {
      "module": "module.function",
      "mode": "managed",
      "type": "google_storage_bucket",
      "name": "source_bucket",
      "provider": "provider[\"registry.terraform.io/hashicorp/google\"]",
      "instances": [
        {
          "schema_version": 3,
          "attributes": {
            "autoclass": [],
            "cors": [],
            "custom_placement_config": [],
            "default_event_based_hold": false,
            "effective_labels": {
              "goog-terraform-provisioned": "true"
            },
            "enable_object_retention": false,
            "encryption": [],
            "force_destroy": false,
            "hierarchical_namespace": [
              {
                "enabled": false
              }
            ],
            "id": "gd-gcp-gridu-devops-t1-t2-function-source",
            "labels": {},
            "lifecycle_rule": [],
            "location": "US-CENTRAL1",
            "logging": [],
            "name": "gd-gcp-gridu-devops-t1-t2-function-source",
            "project": "gd-gcp-gridu-devops-t1-t2",
            "project_number": 192055814422,
            "public_access_prevention": "inherited",
            "requester_pays": false,
            "retention_policy": [],
            "rpo": null,
            "self_link": "https://www.googleapis.com/storage/v1/b/gd-gcp-gridu-devops-t1-t2-function-source",
            "soft_delete_policy": [
              {
                "effective_time": "2025-04-11T10:30:50.801Z",
                "retention_duration_seconds": 604800
              }
            ],
            "storage_class": "STANDARD",
            "terraform_labels": {
              "goog-terraform-provisioned": "true"
            },
            "timeouts": null,
            "uniform_bucket_level_access": true,
            "url": "gs://gd-gcp-gridu-devops-t1-t2-function-source",
            "versioning": [],
            "website": []
          },
          "sensitive_attributes": [],
          "private": "eyJlMmJmYjczMC1lY2FhLTExZTYtOGY4OC0zNDM2M2JjN2M0YzAiOnsiY3JlYXRlIjo2MDAwMDAwMDAwMDAsInJlYWQiOjI0MDAwMDAwMDAwMCwidXBkYXRlIjoyNDAwMDAwMDAwMDB9LCJzY2hlbWFfdmVyc2lvbiI6IjMifQ=="
        }
      ]
    },
    {
      "module": "module.function",
      "mode": "managed",
      "type": "google_storage_bucket_object",
      "name": "source_zip",
      "provider": "provider[\"registry.terraform.io/hashicorp/google\"]",
      "instances": [
        {
          "schema_version": 0,
          "attributes": {
            "bucket": "gd-gcp-gridu-devops-t1-t2-function-source",
            "cache_control": "",
            "content": null,
            "content_disposition": "",
            "content_encoding": "",
            "content_language": "",
            "content_type": "application/zip",
            "crc32c": "rogV1Q==",
            "customer_encryption": [],
            "detect_md5hash": "1rg9+WYfRcSGDLahCXlZgA==",
            "event_based_hold": false,
            "generation": 1744367452592937,
            "id": "gd-gcp-gridu-devops-t1-t2-function-source-function-d6b83df9661f45c4860cb6a109795980.zip",
            "kms_key_name": "",
            "md5hash": "1rg9+WYfRcSGDLahCXlZgA==",
            "media_link": "https://storage.googleapis.com/download/storage/v1/b/gd-gcp-gridu-devops-t1-t2-function-source/o/function-d6b83df9661f45c4860cb6a109795980.zip?generation=1744367452592937\u0026alt=media",
            "metadata": {},
            "name": "function-d6b83df9661f45c4860cb6a109795980.zip",
            "output_name": "function-d6b83df9661f45c4860cb6a109795980.zip",
            "retention": [],
            "self_link": "https://www.googleapis.com/storage/v1/b/gd-gcp-gridu-devops-t1-t2-function-source/o/function-d6b83df9661f45c4860cb6a109795980.zip",
            "source": "modules/function/function.zip",
            "storage_class": "STANDARD",
            "temporary_hold": false,
            "timeouts": null
          },
          "sensitive_attributes": [
            [
              {
                "type": "get_attr",
                "value": "content"
              }
            ]
          ],
          "private": "eyJlMmJmYjczMC1lY2FhLTExZTYtOGY4OC0zNDM2M2JjN2M0YzAiOnsiY3JlYXRlIjoyNDAwMDAwMDAwMDAsImRlbGV0ZSI6MjQwMDAwMDAwMDAwLCJ1cGRhdGUiOjI0MDAwMDAwMDAwMH19",
          "dependencies": [
            "module.function.data.archive_file.function_code",
            "module.function.google_storage_bucket.source_bucket"
          ]
        }
      ]
    },
    {
      "module": "module.load_balancer",
      "mode": "managed",
      "type": "google_compute_backend_service",
      "name": "backend",
      "provider": "provider[\"registry.terraform.io/hashicorp/google\"]",
      "instances": [
        {
          "schema_version": 1,
          "attributes": {
            "affinity_cookie_ttl_sec": 0,
            "backend": [
              {
                "balancing_mode": "UTILIZATION",
                "capacity_scaler": 1,
                "custom_metrics": [],
                "description": "",
                "group": "https://www.googleapis.com/compute/v1/projects/gd-gcp-gridu-devops-t1-t2/regions/us-central1/networkEndpointGroups/serverless-neg",
                "max_connections": 0,
                "max_connections_per_endpoint": 0,
                "max_connections_per_instance": 0,
                "max_rate": 0,
                "max_rate_per_endpoint": 0,
                "max_rate_per_instance": 0,
                "max_utilization": 0
              }
            ],
            "cdn_policy": [],
            "circuit_breakers": [],
            "compression_mode": "",
            "connection_draining_timeout_sec": 300,
            "consistent_hash": [],
            "creation_timestamp": "2025-04-11T03:35:05.225-07:00",
            "custom_metrics": [],
            "custom_request_headers": [],
            "custom_response_headers": [],
            "description": "",
            "edge_security_policy": "",
            "enable_cdn": false,
            "fingerprint": "41UBxmqiOJs=",
            "generated_id": 901302347623648950,
            "health_checks": [],
            "iap": [],
            "id": "projects/gd-gcp-gridu-devops-t1-t2/global/backendServices/backend-service",
            "ip_address_selection_policy": "",
            "load_balancing_scheme": "EXTERNAL",
            "locality_lb_policies": [],
            "locality_lb_policy": "",
            "log_config": [],
            "name": "backend-service",
            "outlier_detection": [],
            "port_name": "http",
            "project": "gd-gcp-gridu-devops-t1-t2",
            "protocol": "HTTP",
            "security_policy": "",
            "security_settings": [],
            "self_link": "https://www.googleapis.com/compute/v1/projects/gd-gcp-gridu-devops-t1-t2/global/backendServices/backend-service",
            "service_lb_policy": "",
            "session_affinity": "NONE",
            "strong_session_affinity_cookie": [],
            "timeout_sec": 30,
            "timeouts": null
          },
          "sensitive_attributes": [],
          "private": "eyJlMmJmYjczMC1lY2FhLTExZTYtOGY4OC0zNDM2M2JjN2M0YzAiOnsiY3JlYXRlIjoxMjAwMDAwMDAwMDAwLCJkZWxldGUiOjEyMDAwMDAwMDAwMDAsInVwZGF0ZSI6MTIwMDAwMDAwMDAwMH0sInNjaGVtYV92ZXJzaW9uIjoiMSJ9",
          "dependencies": [
            "google_service_account.function_sa",
            "module.function.data.archive_file.function_code",
            "module.function.google_cloudfunctions_function.function",
            "module.function.google_storage_bucket.source_bucket",
            "module.function.google_storage_bucket_object.source_zip",
            "module.load_balancer.google_compute_region_network_endpoint_group.serverless_neg",
            "module.networking.google_compute_network.vpc",
            "module.networking.google_vpc_access_connector.connector",
            "module.secrets.google_secret_manager_secret.secret",
            "module.storage.google_storage_bucket.bucket"
          ]
        }
      ]
    },
    {
      "module": "module.load_balancer",
      "mode": "managed",
      "type": "google_compute_global_address",
      "name": "lb_ip",
      "provider": "provider[\"registry.terraform.io/hashicorp/google\"]",
      "instances": [
        {
          "schema_version": 0,
          "attributes": {
            "address": "34.8.49.184",
            "address_type": "EXTERNAL",
            "creation_timestamp": "2025-04-11T03:30:50.090-07:00",
            "description": "",
            "effective_labels": {
              "goog-terraform-provisioned": "true"
            },
            "id": "projects/gd-gcp-gridu-devops-t1-t2/global/addresses/lb-ip",
            "ip_version": "",
            "label_fingerprint": "vezUS-42LLM=",
            "labels": {},
            "name": "lb-ip",
            "network": "",
            "prefix_length": 0,
            "project": "gd-gcp-gridu-devops-t1-t2",
            "purpose": "",
            "self_link": "https://www.googleapis.com/compute/v1/projects/gd-gcp-gridu-devops-t1-t2/global/addresses/lb-ip",
            "terraform_labels": {
              "goog-terraform-provisioned": "true"
            },
            "timeouts": null
          },
          "sensitive_attributes": [],
          "private": "eyJlMmJmYjczMC1lY2FhLTExZTYtOGY4OC0zNDM2M2JjN2M0YzAiOnsiY3JlYXRlIjoxMjAwMDAwMDAwMDAwLCJkZWxldGUiOjEyMDAwMDAwMDAwMDAsInVwZGF0ZSI6MTIwMDAwMDAwMDAwMH19"
        }
      ]
    },
    {
      "module": "module.load_balancer",
      "mode": "managed",
      "type": "google_compute_global_forwarding_rule",
      "name": "forwarding_rule",
      "provider": "provider[\"registry.terraform.io/hashicorp/google\"]",
      "instances": [
        {
          "schema_version": 0,
          "attributes": {
            "base_forwarding_rule": "",
            "description": "",
            "effective_labels": {},
            "forwarding_rule_id": 5327798571772497534,
            "id": "projects/gd-gcp-gridu-devops-t1-t2/global/forwardingRules/forwarding-rule",
            "ip_address": "34.8.49.184",
            "ip_protocol": "TCP",
            "ip_version": "",
            "label_fingerprint": "42WmSpB8rSM=",
            "labels": {},
            "load_balancing_scheme": "EXTERNAL",
            "metadata_filters": [],
            "name": "forwarding-rule",
            "network": "",
            "network_tier": "PREMIUM",
            "no_automate_dns_zone": null,
            "port_range": "80-80",
            "project": "gd-gcp-gridu-devops-t1-t2",
            "psc_connection_id": "",
            "psc_connection_status": "",
            "self_link": "https://www.googleapis.com/compute/v1/projects/gd-gcp-gridu-devops-t1-t2/global/forwardingRules/forwarding-rule",
            "service_directory_registrations": [],
            "source_ip_ranges": [],
            "subnetwork": "",
            "target": "https://www.googleapis.com/compute/v1/projects/gd-gcp-gridu-devops-t1-t2/global/targetHttpProxies/http-proxy",
            "terraform_labels": {},
            "timeouts": null
          },
          "sensitive_attributes": [],
          "private": "eyJlMmJmYjczMC1lY2FhLTExZTYtOGY4OC0zNDM2M2JjN2M0YzAiOnsiY3JlYXRlIjoxMjAwMDAwMDAwMDAwLCJkZWxldGUiOjEyMDAwMDAwMDAwMDAsInVwZGF0ZSI6MTIwMDAwMDAwMDAwMH19",
          "dependencies": [
            "google_service_account.function_sa",
            "module.function.data.archive_file.function_code",
            "module.function.google_cloudfunctions_function.function",
            "module.function.google_storage_bucket.source_bucket",
            "module.function.google_storage_bucket_object.source_zip",
            "module.load_balancer.google_compute_backend_service.backend",
            "module.load_balancer.google_compute_global_address.lb_ip",
            "module.load_balancer.google_compute_region_network_endpoint_group.serverless_neg",
            "module.load_balancer.google_compute_target_http_proxy.proxy",
            "module.load_balancer.google_compute_url_map.url_map",
            "module.networking.google_compute_network.vpc",
            "module.networking.google_vpc_access_connector.connector",
            "module.secrets.google_secret_manager_secret.secret",
            "module.storage.google_storage_bucket.bucket"
          ]
        }
      ]
    },
    {
      "module": "module.load_balancer",
      "mode": "managed",
      "type": "google_compute_region_network_endpoint_group",
      "name": "serverless_neg",
      "provider": "provider[\"registry.terraform.io/hashicorp/google\"]",
      "instances": [
        {
          "schema_version": 0,
          "attributes": {
            "app_engine": [],
            "cloud_function": [
              {
                "function": "my-function",
                "url_mask": ""
              }
            ],
            "cloud_run": [],
            "description": "",
            "id": "projects/gd-gcp-gridu-devops-t1-t2/regions/us-central1/networkEndpointGroups/serverless-neg",
            "name": "serverless-neg",
            "network": "",
            "network_endpoint_type": "SERVERLESS",
            "project": "gd-gcp-gridu-devops-t1-t2",
            "psc_data": [],
            "psc_target_service": "",
            "region": "https://www.googleapis.com/compute/v1/projects/gd-gcp-gridu-devops-t1-t2/regions/us-central1",
            "self_link": "https://www.googleapis.com/compute/v1/projects/gd-gcp-gridu-devops-t1-t2/regions/us-central1/networkEndpointGroups/serverless-neg",
            "subnetwork": "",
            "timeouts": null
          },
          "sensitive_attributes": [],
          "private": "eyJlMmJmYjczMC1lY2FhLTExZTYtOGY4OC0zNDM2M2JjN2M0YzAiOnsiY3JlYXRlIjoxMjAwMDAwMDAwMDAwLCJkZWxldGUiOjEyMDAwMDAwMDAwMDB9fQ==",
          "dependencies": [
            "google_service_account.function_sa",
            "module.function.data.archive_file.function_code",
            "module.function.google_cloudfunctions_function.function",
            "module.function.google_storage_bucket.source_bucket",
            "module.function.google_storage_bucket_object.source_zip",
            "module.networking.google_compute_network.vpc",
            "module.networking.google_vpc_access_connector.connector",
            "module.secrets.google_secret_manager_secret.secret",
            "module.storage.google_storage_bucket.bucket"
          ]
        }
      ]
    },
    {
      "module": "module.load_balancer",
      "mode": "managed",
      "type": "google_compute_target_http_proxy",
      "name": "proxy",
      "provider": "provider[\"registry.terraform.io/hashicorp/google\"]",
      "instances": [
        {
          "schema_version": 0,
          "attributes": {
            "creation_timestamp": "2025-04-11T03:35:49.770-07:00",
            "description": "",
            "http_keep_alive_timeout_sec": 0,
            "id": "projects/gd-gcp-gridu-devops-t1-t2/global/targetHttpProxies/http-proxy",
            "name": "http-proxy",
            "project": "gd-gcp-gridu-devops-t1-t2",
            "proxy_bind": false,
            "proxy_id": 3969010497165282922,
            "self_link": "https://www.googleapis.com/compute/v1/projects/gd-gcp-gridu-devops-t1-t2/global/targetHttpProxies/http-proxy",
            "timeouts": null,
            "url_map": "https://www.googleapis.com/compute/v1/projects/gd-gcp-gridu-devops-t1-t2/global/urlMaps/url-map"
          },
          "sensitive_attributes": [],
          "private": "eyJlMmJmYjczMC1lY2FhLTExZTYtOGY4OC0zNDM2M2JjN2M0YzAiOnsiY3JlYXRlIjoxMjAwMDAwMDAwMDAwLCJkZWxldGUiOjEyMDAwMDAwMDAwMDAsInVwZGF0ZSI6MTIwMDAwMDAwMDAwMH19",
          "dependencies": [
            "google_service_account.function_sa",
            "module.function.data.archive_file.function_code",
            "module.function.google_cloudfunctions_function.function",
            "module.function.google_storage_bucket.source_bucket",
            "module.function.google_storage_bucket_object.source_zip",
            "module.load_balancer.google_compute_backend_service.backend",
            "module.load_balancer.google_compute_region_network_endpoint_group.serverless_neg",
            "module.load_balancer.google_compute_url_map.url_map",
            "module.networking.google_compute_network.vpc",
            "module.networking.google_vpc_access_connector.connector",
            "module.secrets.google_secret_manager_secret.secret",
            "module.storage.google_storage_bucket.bucket"
          ]
        }
      ]
    },
    {
      "module": "module.load_balancer",
      "mode": "managed",
      "type": "google_compute_url_map",
      "name": "url_map",
      "provider": "provider[\"registry.terraform.io/hashicorp/google\"]",
      "instances": [
        {
          "schema_version": 0,
          "attributes": {
            "creation_timestamp": "2025-04-11T03:35:37.843-07:00",
            "default_route_action": [],
            "default_service": "https://www.googleapis.com/compute/v1/projects/gd-gcp-gridu-devops-t1-t2/global/backendServices/backend-service",
            "default_url_redirect": [],
            "description": "",
            "fingerprint": "JjHZdqbbZmc=",
            "header_action": [],
            "host_rule": [],
            "id": "projects/gd-gcp-gridu-devops-t1-t2/global/urlMaps/url-map",
            "map_id": 2095123490055474838,
            "name": "url-map",
            "path_matcher": [],
            "project": "gd-gcp-gridu-devops-t1-t2",
            "self_link": "https://www.googleapis.com/compute/v1/projects/gd-gcp-gridu-devops-t1-t2/global/urlMaps/url-map",
            "test": [],
            "timeouts": null
          },
          "sensitive_attributes": [],
          "private": "eyJlMmJmYjczMC1lY2FhLTExZTYtOGY4OC0zNDM2M2JjN2M0YzAiOnsiY3JlYXRlIjoxMjAwMDAwMDAwMDAwLCJkZWxldGUiOjEyMDAwMDAwMDAwMDAsInVwZGF0ZSI6MTIwMDAwMDAwMDAwMH19",
          "dependencies": [
            "google_service_account.function_sa",
            "module.function.data.archive_file.function_code",
            "module.function.google_cloudfunctions_function.function",
            "module.function.google_storage_bucket.source_bucket",
            "module.function.google_storage_bucket_object.source_zip",
            "module.load_balancer.google_compute_backend_service.backend",
            "module.load_balancer.google_compute_region_network_endpoint_group.serverless_neg",
            "module.networking.google_compute_network.vpc",
            "module.networking.google_vpc_access_connector.connector",
            "module.secrets.google_secret_manager_secret.secret",
            "module.storage.google_storage_bucket.bucket"
          ]
        }
      ]
    },
    {
      "module": "module.networking",
      "mode": "managed",
      "type": "google_compute_network",
      "name": "vpc",
      "provider": "provider[\"registry.terraform.io/hashicorp/google\"]",
      "instances": [
        {
          "schema_version": 0,
          "attributes": {
            "auto_create_subnetworks": false,
            "bgp_always_compare_med": false,
            "bgp_best_path_selection_mode": "LEGACY",
            "bgp_inter_region_cost": "",
            "delete_default_routes_on_create": false,
            "description": "",
            "enable_ula_internal_ipv6": false,
            "gateway_ipv4": "",
            "id": "projects/gd-gcp-gridu-devops-t1-t2/global/networks/private-vpc-ab",
            "internal_ipv6_range": "",
            "mtu": 0,
            "name": "private-vpc-ab",
            "network_firewall_policy_enforcement_order": "AFTER_CLASSIC_FIREWALL",
            "network_id": "2446316768211587509",
            "network_profile": "",
            "numeric_id": "2446316768211587509",
            "project": "gd-gcp-gridu-devops-t1-t2",
            "routing_mode": "REGIONAL",
            "self_link": "https://www.googleapis.com/compute/v1/projects/gd-gcp-gridu-devops-t1-t2/global/networks/private-vpc-ab",
            "timeouts": null
          },
          "sensitive_attributes": [],
          "private": "eyJlMmJmYjczMC1lY2FhLTExZTYtOGY4OC0zNDM2M2JjN2M0YzAiOnsiY3JlYXRlIjoxMjAwMDAwMDAwMDAwLCJkZWxldGUiOjEyMDAwMDAwMDAwMDAsInVwZGF0ZSI6MTIwMDAwMDAwMDAwMH19"
        }
      ]
    },
    {
      "module": "module.networking",
      "mode": "managed",
      "type": "google_compute_subnetwork",
      "name": "subnet",
      "provider": "provider[\"registry.terraform.io/hashicorp/google\"]",
      "instances": [
        {
          "schema_version": 0,
          "attributes": {
            "creation_timestamp": "2025-04-11T03:31:12.809-07:00",
            "description": "",
            "enable_flow_logs": false,
            "external_ipv6_prefix": "",
            "fingerprint": null,
            "gateway_address": "10.0.0.1",
            "id": "projects/gd-gcp-gridu-devops-t1-t2/regions/us-central1/subnetworks/private-subnet",
            "internal_ipv6_prefix": "",
            "ip_cidr_range": "10.0.0.0/24",
            "ip_collection": null,
            "ipv6_access_type": "",
            "ipv6_cidr_range": "",
            "ipv6_gce_endpoint": "",
            "log_config": [],
            "name": "private-subnet",
            "network": "https://www.googleapis.com/compute/v1/projects/gd-gcp-gridu-devops-t1-t2/global/networks/private-vpc-ab",
            "private_ip_google_access": true,
            "private_ipv6_google_access": "DISABLE_GOOGLE_ACCESS",
            "project": "gd-gcp-gridu-devops-t1-t2",
            "purpose": "PRIVATE",
            "region": "us-central1",
            "reserved_internal_range": "",
            "role": "",
            "secondary_ip_range": [],
            "self_link": "https://www.googleapis.com/compute/v1/projects/gd-gcp-gridu-devops-t1-t2/regions/us-central1/subnetworks/private-subnet",
            "send_secondary_ip_range_if_empty": null,
            "stack_type": "IPV4_ONLY",
            "state": "",
            "subnetwork_id": 1225788844823368095,
            "timeouts": null
          },
          "sensitive_attributes": [],
          "private": "eyJlMmJmYjczMC1lY2FhLTExZTYtOGY4OC0zNDM2M2JjN2M0YzAiOnsiY3JlYXRlIjoxMjAwMDAwMDAwMDAwLCJkZWxldGUiOjEyMDAwMDAwMDAwMDAsInVwZGF0ZSI6MTIwMDAwMDAwMDAwMH19",
          "dependencies": [
            "module.networking.google_compute_network.vpc"
          ]
        }
      ]
    },
    {
      "module": "module.networking",
      "mode": "managed",
      "type": "google_vpc_access_connector",
      "name": "connector",
      "provider": "provider[\"registry.terraform.io/hashicorp/google\"]",
      "instances": [
        {
          "schema_version": 0,
          "attributes": {
            "connected_projects": [
              "gd-gcp-gridu-devops-t1-t2"
            ],
            "id": "projects/gd-gcp-gridu-devops-t1-t2/locations/us-central1/connectors/vpc-connector",
            "ip_cidr_range": "10.8.0.0/28",
            "machine_type": "e2-micro",
            "max_instances": 4,
            "max_throughput": 400,
            "min_instances": 2,
            "min_throughput": 200,
            "name": "vpc-connector",
            "network": "private-vpc-ab",
            "project": "gd-gcp-gridu-devops-t1-t2",
            "region": "us-central1",
            "self_link": "projects/gd-gcp-gridu-devops-t1-t2/locations/us-central1/connectors/vpc-connector",
            "state": "READY",
            "subnet": [],
            "timeouts": null
          },
          "sensitive_attributes": [],
          "private": "eyJlMmJmYjczMC1lY2FhLTExZTYtOGY4OC0zNDM2M2JjN2M0YzAiOnsiY3JlYXRlIjoxMjAwMDAwMDAwMDAwLCJkZWxldGUiOjEyMDAwMDAwMDAwMDB9fQ==",
          "dependencies": [
            "module.networking.google_compute_network.vpc"
          ]
        }
      ]
    },
    {
      "module": "module.secrets",
      "mode": "managed",
      "type": "google_secret_manager_secret",
      "name": "secret",
      "provider": "provider[\"registry.terraform.io/hashicorp/google\"]",
      "instances": [
        {
          "schema_version": 0,
          "attributes": {
            "annotations": {},
            "create_time": "2025-04-11T10:30:50.207437Z",
            "effective_annotations": {},
            "effective_labels": {
              "goog-terraform-provisioned": "true"
            },
            "expire_time": "",
            "id": "projects/gd-gcp-gridu-devops-t1-t2/secrets/my-secret",
            "labels": {},
            "name": "projects/192055814422/secrets/my-secret",
            "project": "gd-gcp-gridu-devops-t1-t2",
            "replication": [
              {
                "auto": [
                  {
                    "customer_managed_encryption": []
                  }
                ],
                "user_managed": []
              }
            ],
            "rotation": [],
            "secret_id": "my-secret",
            "terraform_labels": {
              "goog-terraform-provisioned": "true"
            },
            "timeouts": null,
            "topics": [],
            "ttl": null,
            "version_aliases": {},
            "version_destroy_ttl": ""
          },
          "sensitive_attributes": [],
          "private": "eyJlMmJmYjczMC1lY2FhLTExZTYtOGY4OC0zNDM2M2JjN2M0YzAiOnsiY3JlYXRlIjoxMjAwMDAwMDAwMDAwLCJkZWxldGUiOjEyMDAwMDAwMDAwMDAsInVwZGF0ZSI6MTIwMDAwMDAwMDAwMH19"
        }
      ]
    },
    {
      "module": "module.secrets",
      "mode": "managed",
      "type": "google_secret_manager_secret_version",
      "name": "secret_version",
      "provider": "provider[\"registry.terraform.io/hashicorp/google\"]",
      "instances": [
        {
          "schema_version": 0,
          "attributes": {
            "create_time": "2025-04-11T10:30:52.228347Z",
            "deletion_policy": "DELETE",
            "destroy_time": "",
            "enabled": true,
            "id": "projects/192055814422/secrets/my-secret/versions/1",
            "is_secret_data_base64": false,
            "name": "projects/192055814422/secrets/my-secret/versions/1",
            "secret": "projects/gd-gcp-gridu-devops-t1-t2/secrets/my-secret",
            "secret_data": "my-secret-value",
            "secret_data_wo": null,
            "secret_data_wo_version": 0,
            "timeouts": null,
            "version": "1"
          },
          "sensitive_attributes": [
            [
              {
                "type": "get_attr",
                "value": "secret_data"
              }
            ]
          ],
          "private": "eyJlMmJmYjczMC1lY2FhLTExZTYtOGY4OC0zNDM2M2JjN2M0YzAiOnsiY3JlYXRlIjoxMjAwMDAwMDAwMDAwLCJkZWxldGUiOjEyMDAwMDAwMDAwMDAsInVwZGF0ZSI6MTIwMDAwMDAwMDAwMH19",
          "dependencies": [
            "module.secrets.google_secret_manager_secret.secret"
          ]
        }
      ]
    },
    {
      "module": "module.storage",
      "mode": "managed",
      "type": "google_storage_bucket",
      "name": "bucket",
      "provider": "provider[\"registry.terraform.io/hashicorp/google\"]",
      "instances": [
        {
          "schema_version": 3,
          "attributes": {
            "autoclass": [],
            "cors": [],
            "custom_placement_config": [],
            "default_event_based_hold": false,
            "effective_labels": {
              "goog-terraform-provisioned": "true"
            },
            "enable_object_retention": false,
            "encryption": [],
            "force_destroy": false,
            "hierarchical_namespace": [
              {
                "enabled": false
              }
            ],
            "id": "gd-gcp-gridu-devops-t1-t2-data-bucket",
            "labels": {},
            "lifecycle_rule": [],
            "location": "US-CENTRAL1",
            "logging": [],
            "name": "gd-gcp-gridu-devops-t1-t2-data-bucket",
            "project": "gd-gcp-gridu-devops-t1-t2",
            "project_number": 192055814422,
            "public_access_prevention": "inherited",
            "requester_pays": false,
            "retention_policy": [],
            "rpo": null,
            "self_link": "https://www.googleapis.com/storage/v1/b/gd-gcp-gridu-devops-t1-t2-data-bucket",
            "soft_delete_policy": [
              {
                "effective_time": "2025-04-11T10:30:50.652Z",
                "retention_duration_seconds": 604800
              }
            ],
            "storage_class": "STANDARD",
            "terraform_labels": {
              "goog-terraform-provisioned": "true"
            },
            "timeouts": null,
            "uniform_bucket_level_access": true,
            "url": "gs://gd-gcp-gridu-devops-t1-t2-data-bucket",
            "versioning": [],
            "website": []
          },
          "sensitive_attributes": [],
          "private": "eyJlMmJmYjczMC1lY2FhLTExZTYtOGY4OC0zNDM2M2JjN2M0YzAiOnsiY3JlYXRlIjo2MDAwMDAwMDAwMDAsInJlYWQiOjI0MDAwMDAwMDAwMCwidXBkYXRlIjoyNDAwMDAwMDAwMDB9LCJzY2hlbWFfdmVyc2lvbiI6IjMifQ=="
        }
      ]
    }
  ],
  "check_results": null
}
