{
  "version": 4,
  "terraform_version": "1.11.4",
  "serial": 52,
  "lineage": "4407604a-3bb4-a4fa-dbab-f16a0300e471",
  "outputs": {},
  "resources": [
    {
      "module": "module.compute",
      "mode": "managed",
      "type": "google_compute_instance_group_manager",
      "name": "app_group",
      "provider": "provider[\"registry.terraform.io/hashicorp/google\"]",
      "instances": [
        {
          "schema_version": 0,
          "attributes": {
            "all_instances_config": [],
            "auto_healing_policies": [],
            "base_instance_name": "app-server",
            "creation_timestamp": "2025-12-03T01:48:55.236-08:00",
            "description": "",
            "fingerprint": "p6nE0KsRAxc=",
            "id": "projects/gd-gcp-gridu-devops-t1-t2/zones/us-central1-a/instanceGroupManagers/app-group",
            "instance_group": "https://www.googleapis.com/compute/v1/projects/gd-gcp-gridu-devops-t1-t2/zones/us-central1-a/instanceGroups/app-group",
            "instance_group_manager_id": 6292384270067284328,
            "instance_lifecycle_policy": [
              {
                "default_action_on_failure": "REPAIR",
                "force_update_on_repair": "NO"
              }
            ],
            "list_managed_instances_results": "PAGELESS",
            "name": "app-group",
            "named_port": [],
            "operation": null,
            "project": "gd-gcp-gridu-devops-t1-t2",
            "self_link": "https://www.googleapis.com/compute/v1/projects/gd-gcp-gridu-devops-t1-t2/zones/us-central1-a/instanceGroupManagers/app-group",
            "standby_policy": [
              {
                "initial_delay_sec": 0,
                "mode": "MANUAL"
              }
            ],
            "stateful_disk": [],
            "stateful_external_ip": [],
            "stateful_internal_ip": [],
            "status": [
              {
                "all_instances_config": [
                  {
                    "current_revision": "",
                    "effective": true
                  }
                ],
                "is_stable": false,
                "stateful": [
                  {
                    "has_stateful_config": false,
                    "per_instance_configs": [
                      {
                        "all_effective": true
                      }
                    ]
                  }
                ],
                "version_target": [
                  {
                    "is_reached": true
                  }
                ]
              }
            ],
            "target_pools": null,
            "target_size": 3,
            "target_stopped_size": 0,
            "target_suspended_size": 0,
            "timeouts": null,
            "update_policy": [
              {
                "max_surge_fixed": 1,
                "max_surge_percent": 0,
                "max_unavailable_fixed": 1,
                "max_unavailable_percent": 0,
                "minimal_action": "REPLACE",
                "most_disruptive_allowed_action": "",
                "replacement_method": "SUBSTITUTE",
                "type": "OPPORTUNISTIC"
              }
            ],
            "version": [
              {
                "instance_template": "https://www.googleapis.com/compute/v1/projects/gd-gcp-gridu-devops-t1-t2/global/instanceTemplates/app-template-20251203094850795400000001",
                "name": "",
                "target_size": []
              }
            ],
            "wait_for_instances": false,
            "wait_for_instances_status": "STABLE",
            "zone": "us-central1-a"
          },
          "sensitive_attributes": [],
          "private": "eyJlMmJmYjczMC1lY2FhLTExZTYtOGY4OC0zNDM2M2JjN2M0YzAiOnsiY3JlYXRlIjo5MDAwMDAwMDAwMDAsImRlbGV0ZSI6OTAwMDAwMDAwMDAwLCJ1cGRhdGUiOjkwMDAwMDAwMDAwMH19",
          "dependencies": [
            "module.compute.google_compute_instance_template.app_template",
            "module.network.google_compute_network.vpc",
            "module.network.google_compute_subnetwork.subnet"
          ]
        }
      ]
    },
    {
      "module": "module.compute",
      "mode": "managed",
      "type": "google_compute_instance_template",
      "name": "app_template",
      "provider": "provider[\"registry.terraform.io/hashicorp/google\"]",
      "instances": [
        {
          "schema_version": 1,
          "attributes": {
            "advanced_machine_features": [],
            "can_ip_forward": false,
            "confidential_instance_config": null,
            "creation_timestamp": "2025-12-03T01:48:51.857-08:00",
            "description": "",
            "disk": [
              {
                "auto_delete": true,
                "boot": true,
                "device_name": "persistent-disk-0",
                "disk_encryption_key": [],
                "disk_name": "",
                "disk_size_gb": 0,
                "disk_type": "pd-standard",
                "interface": "SCSI",
                "labels": null,
                "mode": "READ_WRITE",
                "provisioned_iops": 0,
                "provisioned_throughput": 0,
                "resource_manager_tags": null,
                "resource_policies": null,
                "source": "",
                "source_image": "projects/debian-cloud/global/images/family/debian-11",
                "source_image_encryption_key": [],
                "source_snapshot": "",
                "source_snapshot_encryption_key": [],
                "type": "PERSISTENT"
              }
            ],
            "effective_labels": {
              "goog-terraform-provisioned": "true"
            },
            "guest_accelerator": [],
            "id": "projects/gd-gcp-gridu-devops-t1-t2/global/instanceTemplates/app-template-20251203094850795400000001",
            "instance_description": "",
            "key_revocation_action_type": "",
            "labels": null,
            "machine_type": "e2-medium",
            "metadata": null,
            "metadata_fingerprint": "psEFvQ4X34E=",
            "metadata_startup_script": "#!/bin/bash\napt-get update\napt-get install -y apache2\necho \"\u003ch1\u003eServer: $(hostname)\u003c/h1\u003e\" \u003e /var/www/html/index.html\nsystemctl restart apache2\n",
            "min_cpu_platform": "",
            "name": "app-template-20251203094850795400000001",
            "name_prefix": "app-template-",
            "network_interface": [
              {
                "access_config": [
                  {
                    "nat_ip": "",
                    "network_tier": "PREMIUM",
                    "public_ptr_domain_name": ""
                  }
                ],
                "alias_ip_range": [],
                "internal_ipv6_prefix_length": 0,
                "ipv6_access_config": [],
                "ipv6_access_type": "",
                "ipv6_address": "",
                "name": "nic0",
                "network": "https://www.googleapis.com/compute/v1/projects/gd-gcp-gridu-devops-t1-t2/global/networks/app-vpc",
                "network_ip": "",
                "nic_type": "",
                "queue_count": 0,
                "stack_type": "",
                "subnetwork": "https://www.googleapis.com/compute/v1/projects/gd-gcp-gridu-devops-t1-t2/regions/us-central1/subnetworks/app-subnet",
                "subnetwork_project": "gd-gcp-gridu-devops-t1-t2"
              }
            ],
            "network_performance_config": [],
            "project": "gd-gcp-gridu-devops-t1-t2",
            "region": "us-central1",
            "reservation_affinity": [],
            "resource_manager_tags": null,
            "resource_policies": null,
            "scheduling": [
              {
                "automatic_restart": true,
                "availability_domain": 0,
                "instance_termination_action": "",
                "local_ssd_recovery_timeout": [],
                "max_run_duration": [],
                "min_node_cpus": 0,
                "node_affinities": [],
                "on_host_maintenance": "MIGRATE",
                "on_instance_stop_action": [],
                "preemptible": false,
                "provisioning_model": "STANDARD",
                "termination_time": ""
              }
            ],
            "self_link": "https://www.googleapis.com/compute/v1/projects/gd-gcp-gridu-devops-t1-t2/global/instanceTemplates/app-template-20251203094850795400000001",
            "self_link_unique": "https://www.googleapis.com/compute/v1/projects/gd-gcp-gridu-devops-t1-t2/global/instanceTemplates/app-template-20251203094850795400000001?uniqueId=5174220222095014252",
            "service_account": [],
            "shielded_instance_config": [],
            "tags": [
              "app-server"
            ],
            "tags_fingerprint": "",
            "terraform_labels": {
              "goog-terraform-provisioned": "true"
            },
            "timeouts": null
          },
          "sensitive_attributes": [],
          "private": "eyJlMmJmYjczMC1lY2FhLTExZTYtOGY4OC0zNDM2M2JjN2M0YzAiOnsiY3JlYXRlIjoyNDAwMDAwMDAwMDAsImRlbGV0ZSI6MjQwMDAwMDAwMDAwfSwic2NoZW1hX3ZlcnNpb24iOiIxIn0=",
          "dependencies": [
            "module.network.google_compute_network.vpc",
            "module.network.google_compute_subnetwork.subnet"
          ],
          "create_before_destroy": true
        }
      ]
    },
    {
      "module": "module.network",
      "mode": "managed",
      "type": "google_compute_backend_service",
      "name": "app_backend",
      "provider": "provider[\"registry.terraform.io/hashicorp/google\"]",
      "instances": [
        {
          "schema_version": 1,
          "attributes": {
            "affinity_cookie_ttl_sec": 0,
            "backend": [
              {
                "balancing_mode": "UTILIZATION",
                "capacity_scaler": 1,
                "custom_metrics": [],
                "description": "",
                "group": "https://www.googleapis.com/compute/v1/projects/gd-gcp-gridu-devops-t1-t2/zones/us-central1-a/instanceGroups/app-group",
                "max_connections": 0,
                "max_connections_per_endpoint": 0,
                "max_connections_per_instance": 0,
                "max_rate": 0,
                "max_rate_per_endpoint": 0,
                "max_rate_per_instance": 0,
                "max_utilization": 0
              }
            ],
            "cdn_policy": [],
            "circuit_breakers": [],
            "compression_mode": "",
            "connection_draining_timeout_sec": 300,
            "consistent_hash": [],
            "creation_timestamp": "2025-12-03T01:49:18.115-08:00",
            "custom_metrics": [],
            "custom_request_headers": null,
            "custom_response_headers": null,
            "description": "",
            "edge_security_policy": "",
            "enable_cdn": false,
            "fingerprint": "4tkAF-3KmMs=",
            "generated_id": 6037019451815999857,
            "health_checks": [
              "https://www.googleapis.com/compute/v1/projects/gd-gcp-gridu-devops-t1-t2/global/healthChecks/app-health-check-ab"
            ],
            "iap": [],
            "id": "projects/gd-gcp-gridu-devops-t1-t2/global/backendServices/app-backend",
            "ip_address_selection_policy": "",
            "load_balancing_scheme": "EXTERNAL",
            "locality_lb_policies": [],
            "locality_lb_policy": "",
            "log_config": [],
            "name": "app-backend",
            "outlier_detection": [],
            "port_name": "http",
            "project": "gd-gcp-gridu-devops-t1-t2",
            "protocol": "HTTP",
            "security_policy": "",
            "security_settings": [],
            "self_link": "https://www.googleapis.com/compute/v1/projects/gd-gcp-gridu-devops-t1-t2/global/backendServices/app-backend",
            "service_lb_policy": "",
            "session_affinity": "NONE",
            "strong_session_affinity_cookie": [],
            "timeout_sec": 30,
            "timeouts": null
          },
          "sensitive_attributes": [],
          "private": "eyJlMmJmYjczMC1lY2FhLTExZTYtOGY4OC0zNDM2M2JjN2M0YzAiOnsiY3JlYXRlIjoxMjAwMDAwMDAwMDAwLCJkZWxldGUiOjEyMDAwMDAwMDAwMDAsInVwZGF0ZSI6MTIwMDAwMDAwMDAwMH0sInNjaGVtYV92ZXJzaW9uIjoiMSJ9",
          "dependencies": [
            "module.compute.google_compute_instance_group_manager.app_group",
            "module.compute.google_compute_instance_template.app_template",
            "module.network.google_compute_health_check.app_health",
            "module.network.google_compute_network.vpc",
            "module.network.google_compute_subnetwork.subnet"
          ]
        }
      ]
    },
    {
      "module": "module.network",
      "mode": "managed",
      "type": "google_compute_firewall",
      "name": "lb_access",
      "provider": "provider[\"registry.terraform.io/hashicorp/google\"]",
      "instances": [
        {
          "schema_version": 1,
          "attributes": {
            "allow": [
              {
                "ports": [
                  "80"
                ],
                "protocol": "tcp"
              }
            ],
            "creation_timestamp": "2025-12-03T01:48:26.342-08:00",
            "deny": [],
            "description": "",
            "destination_ranges": [],
            "direction": "INGRESS",
            "disabled": false,
            "enable_logging": null,
            "id": "projects/gd-gcp-gridu-devops-t1-t2/global/firewalls/allow-lb-access",
            "log_config": [],
            "name": "allow-lb-access",
            "network": "https://www.googleapis.com/compute/v1/projects/gd-gcp-gridu-devops-t1-t2/global/networks/app-vpc",
            "priority": 1000,
            "project": "gd-gcp-gridu-devops-t1-t2",
            "self_link": "https://www.googleapis.com/compute/v1/projects/gd-gcp-gridu-devops-t1-t2/global/firewalls/allow-lb-access",
            "source_ranges": [
              "0.0.0.0/0"
            ],
            "source_service_accounts": null,
            "source_tags": null,
            "target_service_accounts": null,
            "target_tags": [
              "app-server"
            ],
            "timeouts": null
          },
          "sensitive_attributes": [],
          "private": "eyJlMmJmYjczMC1lY2FhLTExZTYtOGY4OC0zNDM2M2JjN2M0YzAiOnsiY3JlYXRlIjoxMjAwMDAwMDAwMDAwLCJkZWxldGUiOjEyMDAwMDAwMDAwMDAsInVwZGF0ZSI6MTIwMDAwMDAwMDAwMH0sInNjaGVtYV92ZXJzaW9uIjoiMSJ9",
          "dependencies": [
            "module.network.google_compute_network.vpc"
          ]
        }
      ]
    },
    {
      "module": "module.network",
      "mode": "managed",
      "type": "google_compute_global_address",
      "name": "lb_ip",
      "provider": "provider[\"registry.terraform.io/hashicorp/google\"]",
      "instances": [
        {
          "schema_version": 0,
          "attributes": {
            "address": "136.110.141.104",
            "address_type": "EXTERNAL",
            "creation_timestamp": "2025-12-03T01:48:04.172-08:00",
            "description": "",
            "effective_labels": {
              "goog-terraform-provisioned": "true"
            },
            "id": "projects/gd-gcp-gridu-devops-t1-t2/global/addresses/load-balancer-ip",
            "ip_version": "",
            "label_fingerprint": "vezUS-42LLM=",
            "labels": null,
            "name": "load-balancer-ip",
            "network": "",
            "prefix_length": 0,
            "project": "gd-gcp-gridu-devops-t1-t2",
            "purpose": "",
            "self_link": "https://www.googleapis.com/compute/v1/projects/gd-gcp-gridu-devops-t1-t2/global/addresses/load-balancer-ip",
            "terraform_labels": {
              "goog-terraform-provisioned": "true"
            },
            "timeouts": null
          },
          "sensitive_attributes": [],
          "private": "eyJlMmJmYjczMC1lY2FhLTExZTYtOGY4OC0zNDM2M2JjN2M0YzAiOnsiY3JlYXRlIjoxMjAwMDAwMDAwMDAwLCJkZWxldGUiOjEyMDAwMDAwMDAwMDAsInVwZGF0ZSI6MTIwMDAwMDAwMDAwMH19"
        }
      ]
    },
    {
      "module": "module.network",
      "mode": "managed",
      "type": "google_compute_global_forwarding_rule",
      "name": "app_forwarding",
      "provider": "provider[\"registry.terraform.io/hashicorp/google\"]",
      "instances": [
        {
          "schema_version": 0,
          "attributes": {
            "base_forwarding_rule": "",
            "description": "",
            "effective_labels": {},
            "forwarding_rule_id": 91196138893194992,
            "id": "projects/gd-gcp-gridu-devops-t1-t2/global/forwardingRules/app-forwarding-rule",
            "ip_address": "136.110.141.104",
            "ip_protocol": "TCP",
            "ip_version": "",
            "label_fingerprint": "42WmSpB8rSM=",
            "labels": null,
            "load_balancing_scheme": "EXTERNAL",
            "metadata_filters": [],
            "name": "app-forwarding-rule",
            "network": "",
            "network_tier": "PREMIUM",
            "no_automate_dns_zone": null,
            "port_range": "80-80",
            "project": "gd-gcp-gridu-devops-t1-t2",
            "psc_connection_id": "",
            "psc_connection_status": "",
            "self_link": "https://www.googleapis.com/compute/v1/projects/gd-gcp-gridu-devops-t1-t2/global/forwardingRules/app-forwarding-rule",
            "service_directory_registrations": [],
            "source_ip_ranges": null,
            "subnetwork": "",
            "target": "https://www.googleapis.com/compute/v1/projects/gd-gcp-gridu-devops-t1-t2/global/targetHttpProxies/app-http-proxy",
            "terraform_labels": {},
            "timeouts": null
          },
          "sensitive_attributes": [],
          "private": "eyJlMmJmYjczMC1lY2FhLTExZTYtOGY4OC0zNDM2M2JjN2M0YzAiOnsiY3JlYXRlIjoxMjAwMDAwMDAwMDAwLCJkZWxldGUiOjEyMDAwMDAwMDAwMDAsInVwZGF0ZSI6MTIwMDAwMDAwMDAwMH19",
          "dependencies": [
            "module.compute.google_compute_instance_group_manager.app_group",
            "module.compute.google_compute_instance_template.app_template",
            "module.network.google_compute_backend_service.app_backend",
            "module.network.google_compute_global_address.lb_ip",
            "module.network.google_compute_health_check.app_health",
            "module.network.google_compute_network.vpc",
            "module.network.google_compute_subnetwork.subnet",
            "module.network.google_compute_target_http_proxy.app_proxy",
            "module.network.google_compute_url_map.app_url_map"
          ]
        }
      ]
    },
    {
      "module": "module.network",
      "mode": "managed",
      "type": "google_compute_health_check",
      "name": "app_health",
      "provider": "provider[\"registry.terraform.io/hashicorp/google\"]",
      "instances": [
        {
          "schema_version": 0,
          "attributes": {
            "check_interval_sec": 5,
            "creation_timestamp": "2025-12-03T01:48:04.105-08:00",
            "description": "",
            "grpc_health_check": [],
            "healthy_threshold": 2,
            "http2_health_check": [],
            "http_health_check": [
              {
                "host": "",
                "port": 80,
                "port_name": "",
                "port_specification": "",
                "proxy_header": "NONE",
                "request_path": "/",
                "response": ""
              }
            ],
            "https_health_check": [],
            "id": "projects/gd-gcp-gridu-devops-t1-t2/global/healthChecks/app-health-check-ab",
            "log_config": [
              {
                "enable": false
              }
            ],
            "name": "app-health-check-ab",
            "project": "gd-gcp-gridu-devops-t1-t2",
            "self_link": "https://www.googleapis.com/compute/v1/projects/gd-gcp-gridu-devops-t1-t2/global/healthChecks/app-health-check-ab",
            "source_regions": null,
            "ssl_health_check": [],
            "tcp_health_check": [],
            "timeout_sec": 5,
            "timeouts": null,
            "type": "HTTP",
            "unhealthy_threshold": 2
          },
          "sensitive_attributes": [],
          "private": "eyJlMmJmYjczMC1lY2FhLTExZTYtOGY4OC0zNDM2M2JjN2M0YzAiOnsiY3JlYXRlIjoxMjAwMDAwMDAwMDAwLCJkZWxldGUiOjEyMDAwMDAwMDAwMDAsInVwZGF0ZSI6MTIwMDAwMDAwMDAwMH19"
        }
      ]
    },
    {
      "module": "module.network",
      "mode": "managed",
      "type": "google_compute_network",
      "name": "vpc",
      "provider": "provider[\"registry.terraform.io/hashicorp/google\"]",
      "instances": [
        {
          "schema_version": 0,
          "attributes": {
            "auto_create_subnetworks": false,
            "bgp_always_compare_med": false,
            "bgp_best_path_selection_mode": "LEGACY",
            "bgp_inter_region_cost": "",
            "delete_default_routes_on_create": false,
            "description": "",
            "enable_ula_internal_ipv6": false,
            "gateway_ipv4": "",
            "id": "projects/gd-gcp-gridu-devops-t1-t2/global/networks/app-vpc",
            "internal_ipv6_range": "",
            "mtu": 0,
            "name": "app-vpc",
            "network_firewall_policy_enforcement_order": "AFTER_CLASSIC_FIREWALL",
            "network_id": "7709870550312401339",
            "network_profile": "",
            "numeric_id": "7709870550312401339",
            "project": "gd-gcp-gridu-devops-t1-t2",
            "routing_mode": "REGIONAL",
            "self_link": "https://www.googleapis.com/compute/v1/projects/gd-gcp-gridu-devops-t1-t2/global/networks/app-vpc",
            "timeouts": null
          },
          "sensitive_attributes": [],
          "private": "eyJlMmJmYjczMC1lY2FhLTExZTYtOGY4OC0zNDM2M2JjN2M0YzAiOnsiY3JlYXRlIjoxMjAwMDAwMDAwMDAwLCJkZWxldGUiOjEyMDAwMDAwMDAwMDAsInVwZGF0ZSI6MTIwMDAwMDAwMDAwMH19",
          "create_before_destroy": true
        }
      ]
    },
    {
      "module": "module.network",
      "mode": "managed",
      "type": "google_compute_subnetwork",
      "name": "subnet",
      "provider": "provider[\"registry.terraform.io/hashicorp/google\"]",
      "instances": [
        {
          "schema_version": 0,
          "attributes": {
            "creation_timestamp": "2025-12-03T01:48:26.785-08:00",
            "description": "",
            "enable_flow_logs": false,
            "external_ipv6_prefix": "",
            "fingerprint": null,
            "gateway_address": "10.0.0.1",
            "id": "projects/gd-gcp-gridu-devops-t1-t2/regions/us-central1/subnetworks/app-subnet",
            "internal_ipv6_prefix": "",
            "ip_cidr_range": "10.0.0.0/24",
            "ip_collection": null,
            "ipv6_access_type": "",
            "ipv6_cidr_range": "",
            "ipv6_gce_endpoint": "",
            "log_config": [],
            "name": "app-subnet",
            "network": "https://www.googleapis.com/compute/v1/projects/gd-gcp-gridu-devops-t1-t2/global/networks/app-vpc",
            "private_ip_google_access": false,
            "private_ipv6_google_access": "DISABLE_GOOGLE_ACCESS",
            "project": "gd-gcp-gridu-devops-t1-t2",
            "purpose": "PRIVATE",
            "region": "us-central1",
            "reserved_internal_range": "",
            "role": "",
            "secondary_ip_range": [],
            "self_link": "https://www.googleapis.com/compute/v1/projects/gd-gcp-gridu-devops-t1-t2/regions/us-central1/subnetworks/app-subnet",
            "send_secondary_ip_range_if_empty": null,
            "stack_type": "IPV4_ONLY",
            "state": "",
            "subnetwork_id": 1944815929772587397,
            "timeouts": null
          },
          "sensitive_attributes": [],
          "private": "eyJlMmJmYjczMC1lY2FhLTExZTYtOGY4OC0zNDM2M2JjN2M0YzAiOnsiY3JlYXRlIjoxMjAwMDAwMDAwMDAwLCJkZWxldGUiOjEyMDAwMDAwMDAwMDAsInVwZGF0ZSI6MTIwMDAwMDAwMDAwMH19",
          "dependencies": [
            "module.network.google_compute_network.vpc"
          ],
          "create_before_destroy": true
        }
      ]
    },
    {
      "module": "module.network",
      "mode": "managed",
      "type": "google_compute_target_http_proxy",
      "name": "app_proxy",
      "provider": "provider[\"registry.terraform.io/hashicorp/google\"]",
      "instances": [
        {
          "schema_version": 0,
          "attributes": {
            "creation_timestamp": "2025-12-03T01:51:15.737-08:00",
            "description": "",
            "http_keep_alive_timeout_sec": 0,
            "id": "projects/gd-gcp-gridu-devops-t1-t2/global/targetHttpProxies/app-http-proxy",
            "name": "app-http-proxy",
            "project": "gd-gcp-gridu-devops-t1-t2",
            "proxy_bind": false,
            "proxy_id": 7346696078632007420,
            "self_link": "https://www.googleapis.com/compute/v1/projects/gd-gcp-gridu-devops-t1-t2/global/targetHttpProxies/app-http-proxy",
            "timeouts": null,
            "url_map": "https://www.googleapis.com/compute/v1/projects/gd-gcp-gridu-devops-t1-t2/global/urlMaps/app-url-map"
          },
          "sensitive_attributes": [],
          "private": "eyJlMmJmYjczMC1lY2FhLTExZTYtOGY4OC0zNDM2M2JjN2M0YzAiOnsiY3JlYXRlIjoxMjAwMDAwMDAwMDAwLCJkZWxldGUiOjEyMDAwMDAwMDAwMDAsInVwZGF0ZSI6MTIwMDAwMDAwMDAwMH19",
          "dependencies": [
            "module.compute.google_compute_instance_group_manager.app_group",
            "module.compute.google_compute_instance_template.app_template",
            "module.network.google_compute_backend_service.app_backend",
            "module.network.google_compute_health_check.app_health",
            "module.network.google_compute_network.vpc",
            "module.network.google_compute_subnetwork.subnet",
            "module.network.google_compute_url_map.app_url_map"
          ]
        }
      ]
    },
    {
      "module": "module.network",
      "mode": "managed",
      "type": "google_compute_url_map",
      "name": "app_url_map",
      "provider": "provider[\"registry.terraform.io/hashicorp/google\"]",
      "instances": [
        {
          "schema_version": 0,
          "attributes": {
            "creation_timestamp": "2025-12-03T01:51:03.731-08:00",
            "default_route_action": [],
            "default_service": "https://www.googleapis.com/compute/v1/projects/gd-gcp-gridu-devops-t1-t2/global/backendServices/app-backend",
            "default_url_redirect": [],
            "description": "",
            "fingerprint": "4xAI30M-Kfs=",
            "header_action": [],
            "host_rule": [],
            "id": "projects/gd-gcp-gridu-devops-t1-t2/global/urlMaps/app-url-map",
            "map_id": 3548195592953771752,
            "name": "app-url-map",
            "path_matcher": [],
            "project": "gd-gcp-gridu-devops-t1-t2",
            "self_link": "https://www.googleapis.com/compute/v1/projects/gd-gcp-gridu-devops-t1-t2/global/urlMaps/app-url-map",
            "test": [],
            "timeouts": null
          },
          "sensitive_attributes": [],
          "private": "eyJlMmJmYjczMC1lY2FhLTExZTYtOGY4OC0zNDM2M2JjN2M0YzAiOnsiY3JlYXRlIjoxMjAwMDAwMDAwMDAwLCJkZWxldGUiOjEyMDAwMDAwMDAwMDAsInVwZGF0ZSI6MTIwMDAwMDAwMDAwMH19",
          "dependencies": [
            "module.compute.google_compute_instance_group_manager.app_group",
            "module.compute.google_compute_instance_template.app_template",
            "module.network.google_compute_backend_service.app_backend",
            "module.network.google_compute_health_check.app_health",
            "module.network.google_compute_network.vpc",
            "module.network.google_compute_subnetwork.subnet"
          ]
        }
      ]
    }
  ],
  "check_results": null
}
